github.com/en9inerd/go-pkgs v0.1.2 h1:vBZ6ZrKleo5kpU6QZtroB12XPJ1ONDbLYuIHH21ot+o=
github.com/en9inerd/go-pkgs v0.1.2/go.mod h1:KNW9erkD4zgghgcd3y4V8DmQECv2DCOldpc6y2PW7pE=
golang.org/x/crypto v0.45.0 h1:jMBrvKuj23MTlT0bQEOBcAE0mjg8mK9RXFhRH6nyF3Q=
golang.org/x/crypto v0.45.0/go.mod h1:XTGrrkGJve7CYK7J8PEww4aY7gM3qMCElcJQ8n8JdX4=
golang.org/x/sys v0.38.0 h1:3yZWxaJjBmCWXqhN1qh02AkOnCQ1poK6oF+a7xWL6Gc=
golang.org/x/sys v0.38.0/go.mod h1:OgkHotnGiDImocRcuBABYBEXf8A9a87e/uXjp9XT3ks=
